
Microsoft Visual Studio Solution File, Format Version 12.00
# Visual Studio Version 17
VisualStudioVersion = 17.14.36414.22 d17.14
MinimumVisualStudioVersion = 10.0.40219.1
Project("{FAE04EC0-301F-11D3-BF4B-00C04F79EFBC}") = "FastOrder", "FastOrder\FastOrder.csproj", "{804B9DF3-6CF8-441A-9FCA-890D8DC4C407}"
EndProject
Global
	GlobalSection(SolutionConfigurationPlatforms) = preSolution
		Debug|Any CPU = Debug|Any CPU
		Release|Any CPU = Release|Any CPU
	EndGlobalSection
	GlobalSection(ProjectConfigurationPlatforms) = postSolution
		{804B9DF3-6CF8-441A-9FCA-890D8DC4C407}.Debug|Any CPU.ActiveCfg = Debug|Any CPU
		{804B9DF3-6CF8-441A-9FCA-890D8DC4C407}.Debug|Any CPU.Build.0 = Debug|Any CPU
		{804B9DF3-6CF8-441A-9FCA-890D8DC4C407}.Release|Any CPU.ActiveCfg = Release|Any CPU
		{804B9DF3-6CF8-441A-9FCA-890D8DC4C407}.Release|Any CPU.Build.0 = Release|Any CPU
	EndGlobalSection
	GlobalSection(SolutionProperties) = preSolution
		HideSolutionNode = FALSE
	EndGlobalSection
	GlobalSection(ExtensibilityGlobals) = postSolution
		SolutionGuid = {D7B27A68-338E-41B9-81D0-735DA1E9CAE1}
	EndGlobalSection
EndGlobal
